Microsoft Visual Studio Solution File, Format Version 11.00
# Visual Studio 2008

Project("{BDDF9333-5C0D-AD71-521C-2D066085FF1E}") = "PrettyBalance", "Assembly-CSharp-vs.csproj", "{7174DE80-1A3F-D23C-CCD7-C86230E3471E}"
EndProject
Global
	GlobalSection(SolutionConfigurationPlatforms) = preSolution
		Debug|Any CPU = Debug|Any CPU
		Release|Any CPU = Release|Any CPU
	EndGlobalSection
	GlobalSection(ProjectConfigurationPlatforms) = postSolution
		{7174DE80-1A3F-D23C-CCD7-C86230E3471E}.Debug|Any CPU.ActiveCfg = Debug|Any CPU
		{7174DE80-1A3F-D23C-CCD7-C86230E3471E}.Debug|Any CPU.Build.0 = Debug|Any CPU
		{7174DE80-1A3F-D23C-CCD7-C86230E3471E}.Release|Any CPU.ActiveCfg = Release|Any CPU
		{7174DE80-1A3F-D23C-CCD7-C86230E3471E}.Release|Any CPU.Build.0 = Release|Any CPU
	EndGlobalSection
	GlobalSection(SolutionProperties) = preSolution
		HideSolutionNode = FALSE
	EndGlobalSection
															GlobalSection(MonoDevelopProperties) = preSolution
		StartupItem = Assembly-CSharp.csproj
		Policies = $0
		$0.TextStylePolicy = $1
		$1.inheritsSet = null
		$1.scope = text/x-csharp
		$0.CSharpFormattingPolicy = $2
		$2.inheritsSet = Mono
		$2.inheritsScope = text/x-csharp
		$2.scope = text/x-csharp
		$0.TextStylePolicy = $3
		$3.FileWidth = 120
		$3.TabWidth = 4
		$3.IndentWidth = 4
		$3.EolMarker = Unix
		$3.inheritsSet = Mono
		$3.inheritsScope = text/plain
		$3.scope = text/plain
	EndGlobalSection

EndGlobal
